
Microsoft Visual Studio Solution File, Format Version 12.00
# Visual Studio Version 17
VisualStudioVersion = 17.4.33213.308
MinimumVisualStudioVersion = 10.0.40219.1
Project("{9A19103F-16F7-4668-BE54-9A1E7A4F7556}") = "Flex.Web", "Flex.Web.csproj", "{2E928B29-5FC1-4E58-B328-C7A90FBFB418}"
EndProject
Project("{9A19103F-16F7-4668-BE54-9A1E7A4F7556}") = "Flex.Domain", "..\Flex.Domain\Flex.Domain.csproj", "{B413E933-5D12-4EF6-BAFD-4B6641D5B7F6}"
EndProject
Project("{9A19103F-16F7-4668-BE54-9A1E7A4F7556}") = "Flex.Core", "..\Flex.Core\Flex.Core.csproj", "{58675931-EF60-486E-9215-3F477060655F}"
EndProject
Project("{2150E333-8FDC-42A3-9474-1A3956D46DE8}") = "2.Application", "2.Application", "{6946C2F6-AE5A-453E-9B0F-DF188FD80283}"
EndProject
Project("{2150E333-8FDC-42A3-9474-1A3956D46DE8}") = "0.Infrastructure", "0.Infrastructure", "{73848866-3306-4D79-9FA9-3D09BC83DF36}"
EndProject
Project("{9A19103F-16F7-4668-BE54-9A1E7A4F7556}") = "Flex.Application", "..\Flex.Application\Flex.Application.csproj", "{39D59FC9-FA76-439F-BB09-C91F29C8A3FE}"
EndProject
Project("{9A19103F-16F7-4668-BE54-9A1E7A4F7556}") = "Flex.Application.Contracts", "..\Flex.Application.Contracts\Flex.Application.Contracts.csproj", "{D0043B89-358E-4D99-95FF-53F09059E3B3}"
EndProject
Project("{2150E333-8FDC-42A3-9474-1A3956D46DE8}") = "1.Interface", "1.Interface", "{8C45342A-4805-4861-BEF5-2E22DBE2FC52}"
EndProject
Project("{2150E333-8FDC-42A3-9474-1A3956D46DE8}") = "3.UI", "3.UI", "{BAB86233-BB00-4BAC-A152-8EB0276A86F3}"
EndProject
Project("{2150E333-8FDC-42A3-9474-1A3956D46DE8}") = "4.Test", "4.Test", "{7C4130E4-B17D-4734-B887-A1EE529E9D04}"
EndProject
Project("{9A19103F-16F7-4668-BE54-9A1E7A4F7556}") = "UnitTest", "..\UnitTest\UnitTest.csproj", "{D0AD66E3-D872-4F22-8C19-06E860B78C33}"
EndProject
Project("{9A19103F-16F7-4668-BE54-9A1E7A4F7556}") = "Flex.EFSqlServer", "..\Flex.EFSqlServer\Flex.EFSqlServer.csproj", "{79997ADF-C9F9-41EE-8C48-22BB17DE4946}"
EndProject
Global
	GlobalSection(SolutionConfigurationPlatforms) = preSolution
		Debug|Any CPU = Debug|Any CPU
		Release|Any CPU = Release|Any CPU
	EndGlobalSection
	GlobalSection(ProjectConfigurationPlatforms) = postSolution
		{2E928B29-5FC1-4E58-B328-C7A90FBFB418}.Debug|Any CPU.ActiveCfg = Debug|Any CPU
		{2E928B29-5FC1-4E58-B328-C7A90FBFB418}.Debug|Any CPU.Build.0 = Debug|Any CPU
		{2E928B29-5FC1-4E58-B328-C7A90FBFB418}.Release|Any CPU.ActiveCfg = Release|Any CPU
		{2E928B29-5FC1-4E58-B328-C7A90FBFB418}.Release|Any CPU.Build.0 = Release|Any CPU
		{B413E933-5D12-4EF6-BAFD-4B6641D5B7F6}.Debug|Any CPU.ActiveCfg = Debug|Any CPU
		{B413E933-5D12-4EF6-BAFD-4B6641D5B7F6}.Debug|Any CPU.Build.0 = Debug|Any CPU
		{B413E933-5D12-4EF6-BAFD-4B6641D5B7F6}.Release|Any CPU.ActiveCfg = Release|Any CPU
		{B413E933-5D12-4EF6-BAFD-4B6641D5B7F6}.Release|Any CPU.Build.0 = Release|Any CPU
		{58675931-EF60-486E-9215-3F477060655F}.Debug|Any CPU.ActiveCfg = Debug|Any CPU
		{58675931-EF60-486E-9215-3F477060655F}.Debug|Any CPU.Build.0 = Debug|Any CPU
		{58675931-EF60-486E-9215-3F477060655F}.Release|Any CPU.ActiveCfg = Release|Any CPU
		{58675931-EF60-486E-9215-3F477060655F}.Release|Any CPU.Build.0 = Release|Any CPU
		{39D59FC9-FA76-439F-BB09-C91F29C8A3FE}.Debug|Any CPU.ActiveCfg = Debug|Any CPU
		{39D59FC9-FA76-439F-BB09-C91F29C8A3FE}.Debug|Any CPU.Build.0 = Debug|Any CPU
		{39D59FC9-FA76-439F-BB09-C91F29C8A3FE}.Release|Any CPU.ActiveCfg = Release|Any CPU
		{39D59FC9-FA76-439F-BB09-C91F29C8A3FE}.Release|Any CPU.Build.0 = Release|Any CPU
		{D0043B89-358E-4D99-95FF-53F09059E3B3}.Debug|Any CPU.ActiveCfg = Debug|Any CPU
		{D0043B89-358E-4D99-95FF-53F09059E3B3}.Debug|Any CPU.Build.0 = Debug|Any CPU
		{D0043B89-358E-4D99-95FF-53F09059E3B3}.Release|Any CPU.ActiveCfg = Release|Any CPU
		{D0043B89-358E-4D99-95FF-53F09059E3B3}.Release|Any CPU.Build.0 = Release|Any CPU
		{D0AD66E3-D872-4F22-8C19-06E860B78C33}.Debug|Any CPU.ActiveCfg = Debug|Any CPU
		{D0AD66E3-D872-4F22-8C19-06E860B78C33}.Debug|Any CPU.Build.0 = Debug|Any CPU
		{D0AD66E3-D872-4F22-8C19-06E860B78C33}.Release|Any CPU.ActiveCfg = Release|Any CPU
		{D0AD66E3-D872-4F22-8C19-06E860B78C33}.Release|Any CPU.Build.0 = Release|Any CPU
		{79997ADF-C9F9-41EE-8C48-22BB17DE4946}.Debug|Any CPU.ActiveCfg = Debug|Any CPU
		{79997ADF-C9F9-41EE-8C48-22BB17DE4946}.Debug|Any CPU.Build.0 = Debug|Any CPU
		{79997ADF-C9F9-41EE-8C48-22BB17DE4946}.Release|Any CPU.ActiveCfg = Release|Any CPU
		{79997ADF-C9F9-41EE-8C48-22BB17DE4946}.Release|Any CPU.Build.0 = Release|Any CPU
	EndGlobalSection
	GlobalSection(SolutionProperties) = preSolution
		HideSolutionNode = FALSE
	EndGlobalSection
	GlobalSection(NestedProjects) = preSolution
		{2E928B29-5FC1-4E58-B328-C7A90FBFB418} = {BAB86233-BB00-4BAC-A152-8EB0276A86F3}
		{B413E933-5D12-4EF6-BAFD-4B6641D5B7F6} = {73848866-3306-4D79-9FA9-3D09BC83DF36}
		{58675931-EF60-486E-9215-3F477060655F} = {73848866-3306-4D79-9FA9-3D09BC83DF36}
		{39D59FC9-FA76-439F-BB09-C91F29C8A3FE} = {6946C2F6-AE5A-453E-9B0F-DF188FD80283}
		{D0043B89-358E-4D99-95FF-53F09059E3B3} = {8C45342A-4805-4861-BEF5-2E22DBE2FC52}
		{D0AD66E3-D872-4F22-8C19-06E860B78C33} = {7C4130E4-B17D-4734-B887-A1EE529E9D04}
		{79997ADF-C9F9-41EE-8C48-22BB17DE4946} = {73848866-3306-4D79-9FA9-3D09BC83DF36}
	EndGlobalSection
	GlobalSection(ExtensibilityGlobals) = postSolution
		SolutionGuid = {382DCFCB-8AEC-4CC8-BE20-176FE44061F3}
	EndGlobalSection
EndGlobal
